
Microsoft Visual Studio Solution File, Format Version 12.00
# Visual Studio Version 17
VisualStudioVersion = 17.6.33829.357
MinimumVisualStudioVersion = 10.0.40219.1
Project("{FAE04EC0-301F-11D3-BF4B-00C04F79EFBC}") = "GrafoListaAdyacencia", "GrafoListaAdyacencia\GrafoListaAdyacencia.csproj", "{C8D023FE-6088-40F6-AF63-0208C8B71697}"
EndProject
Global
	GlobalSection(SolutionConfigurationPlatforms) = preSolution
		Debug|Any CPU = Debug|Any CPU
		Release|Any CPU = Release|Any CPU
	EndGlobalSection
	GlobalSection(ProjectConfigurationPlatforms) = postSolution
		{C8D023FE-6088-40F6-AF63-0208C8B71697}.Debug|Any CPU.ActiveCfg = Debug|Any CPU
		{C8D023FE-6088-40F6-AF63-0208C8B71697}.Debug|Any CPU.Build.0 = Debug|Any CPU
		{C8D023FE-6088-40F6-AF63-0208C8B71697}.Release|Any CPU.ActiveCfg = Release|Any CPU
		{C8D023FE-6088-40F6-AF63-0208C8B71697}.Release|Any CPU.Build.0 = Release|Any CPU
	EndGlobalSection
	GlobalSection(SolutionProperties) = preSolution
		HideSolutionNode = FALSE
	EndGlobalSection
	GlobalSection(ExtensibilityGlobals) = postSolution
		SolutionGuid = {D109B796-73D1-450F-94A5-1A9E34E6DF22}
	EndGlobalSection
EndGlobal
